// !$*UTF8*$!
{
	archiveVersion = 1;
	classes = {
	};
	objectVersion = 46;
	objects = {

/* Begin PBXBuildFile section */
		90F00DC498C996EA5014A340 /* libPods-ChrisApp1.a in Frameworks */ = {isa = PBXBuildFile; fileRef = 1626D00F569EE144EC7D72EC /* libPods-ChrisApp1.a */; settings = {ATTRIBUTES = (Required, ); }; };
		F3FF15A71CE9001300DB9491 /* AppDelegate.swift in Sources */ = {isa = PBXBuildFile; fileRef = F3FF15A61CE9001300DB9491 /* AppDelegate.swift */; };
		F3FF15A91CE9001300DB9491 /* ViewController.swift in Sources */ = {isa = PBXBuildFile; fileRef = F3FF15A81CE9001300DB9491 /* ViewController.swift */; };
		F3FF15AC1CE9001300DB9491 /* Main.storyboard in Resources */ = {isa = PBXBuildFile; fileRef = F3FF15AA1CE9001300DB9491 /* Main.storyboard */; };
		F3FF15AE1CE9001300DB9491 /* Assets.xcassets in Resources */ = {isa = PBXBuildFile; fileRef = F3FF15AD1CE9001300DB9491 /* Assets.xcassets */; };
		F3FF15B11CE9001300DB9491 /* LaunchScreen.storyboard in Resources */ = {isa = PBXBuildFile; fileRef = F3FF15AF1CE9001300DB9491 /* LaunchScreen.storyboard */; };
		F3FF15BB1CE9007A00DB9491 /* podfile.c in Sources */ = {isa = PBXBuildFile; fileRef = F3FF15B91CE9007A00DB9491 /* podfile.c */; settings = {ASSET_TAGS = (); }; };
/* End PBXBuildFile section */

/* Begin PBXFileReference section */
		1626D00F569EE144EC7D72EC /* libPods-ChrisApp1.a */ = {isa = PBXFileReference; explicitFileType = archive.ar; includeInIndex = 0; path = "libPods-ChrisApp1.a"; sourceTree = BUILT_PRODUCTS_DIR; };
		9E8C91AC4DF95B4A489383EF /* Pods-ChrisApp1.release.xcconfig */ = {isa = PBXFileReference; includeInIndex = 1; lastKnownFileType = text.xcconfig; name = "Pods-ChrisApp1.release.xcconfig"; path = "Pods/Target Support Files/Pods-ChrisApp1/Pods-ChrisApp1.release.xcconfig"; sourceTree = "<group>"; };
		BA973351B988A18A3B388755 /* Pods-ChrisApp1.debug.xcconfig */ = {isa = PBXFileReference; includeInIndex = 1; lastKnownFileType = text.xcconfig; name = "Pods-ChrisApp1.debug.xcconfig"; path = "Pods/Target Support Files/Pods-ChrisApp1/Pods-ChrisApp1.debug.xcconfig"; sourceTree = "<group>"; };
		F3FF15A31CE9001300DB9491 /* ChrisApp1.app */ = {isa = PBXFileReference; explicitFileType = wrapper.application; includeInIndex = 0; path = ChrisApp1.app; sourceTree = BUILT_PRODUCTS_DIR; };
		F3FF15A61CE9001300DB9491 /* AppDelegate.swift */ = {isa = PBXFileReference; lastKnownFileType = sourcecode.swift; path = AppDelegate.swift; sourceTree = "<group>"; };
		F3FF15A81CE9001300DB9491 /* ViewController.swift */ = {isa = PBXFileReference; lastKnownFileType = sourcecode.swift; path = ViewController.swift; sourceTree = "<group>"; };
		F3FF15AB1CE9001300DB9491 /* Base */ = {isa = PBXFileReference; lastKnownFileType = file.storyboard; name = Base; path = Base.lproj/Main.storyboard; sourceTree = "<group>"; };
		F3FF15AD1CE9001300DB9491 /* Assets.xcassets */ = {isa = PBXFileReference; lastKnownFileType = folder.assetcatalog; path = Assets.xcassets; sourceTree = "<group>"; };
		F3FF15B01CE9001300DB9491 /* Base */ = {isa = PBXFileReference; lastKnownFileType = file.storyboard; name = Base; path = Base.lproj/LaunchScreen.storyboard; sourceTree = "<group>"; };
		F3FF15B21CE9001300DB9491 /* Info.plist */ = {isa = PBXFileReference; lastKnownFileType = text.plist.xml; path = Info.plist; sourceTree = "<group>"; };
		F3FF15B81CE9007900DB9491 /* ChrisApp1-Bridging-Header.h */ = {isa = PBXFileReference; lastKnownFileType = sourcecode.c.h; path = "ChrisApp1-Bridging-Header.h"; sourceTree = "<group>"; };
		F3FF15B91CE9007A00DB9491 /* podfile.c */ = {isa = PBXFileReference; fileEncoding = 4; lastKnownFileType = sourcecode.c.c; path = podfile.c; sourceTree = "<group>"; };
		F3FF15BA1CE9007A00DB9491 /* podfile.h */ = {isa = PBXFileReference; fileEncoding = 4; lastKnownFileType = sourcecode.c.h; path = podfile.h; sourceTree = "<group>"; };
		F3FF15BC1CE914D500DB9491 /* Podfile */ = {isa = PBXFileReference; lastKnownFileType = text; path = Podfile; sourceTree = "<group>"; xcLanguageSpecificationIdentifier = xcode.lang.ruby; };
/* End PBXFileReference section */

/* Begin PBXFrameworksBuildPhase section */
		F3FF15A01CE9001300DB9491 /* Frameworks */ = {
			isa = PBXFrameworksBuildPhase;
			buildActionMask = 2147483647;
			files = (
				90F00DC498C996EA5014A340 /* libPods-ChrisApp1.a in Frameworks */,
			);
			runOnlyForDeploymentPostprocessing = 0;
		};
/* End PBXFrameworksBuildPhase section */

/* Begin PBXGroup section */
		4D3F90F1CDE1F61C90FB8C83 /* Pods */ = {
			isa = PBXGroup;
			children = (
				BA973351B988A18A3B388755 /* Pods-ChrisApp1.debug.xcconfig */,
				9E8C91AC4DF95B4A489383EF /* Pods-ChrisApp1.release.xcconfig */,
			);
			name = Pods;
			sourceTree = "<group>";
		};
		A3FE73056E3D176E00639F1F /* Frameworks */ = {
			isa = PBXGroup;
			children = (
				1626D00F569EE144EC7D72EC /* libPods-ChrisApp1.a */,
			);
			name = Frameworks;
			sourceTree = "<group>";
		};
		F3FF159A1CE9001300DB9491 = {
			isa = PBXGroup;
			children = (
				F3FF15BC1CE914D500DB9491 /* Podfile */,
				F3FF15B91CE9007A00DB9491 /* podfile.c */,
				F3FF15BA1CE9007A00DB9491 /* podfile.h */,
				F3FF15A51CE9001300DB9491 /* ChrisApp1 */,
				F3FF15A41CE9001300DB9491 /* Products */,
				F3FF15B81CE9007900DB9491 /* ChrisApp1-Bridging-Header.h */,
				4D3F90F1CDE1F61C90FB8C83 /* Pods */,
				A3FE73056E3D176E00639F1F /* Frameworks */,
			);
			sourceTree = "<group>";
		};
		F3FF15A41CE9001300DB9491 /* Products */ = {
			isa = PBXGroup;
			children = (
				F3FF15A31CE9001300DB9491 /* ChrisApp1.app */,
			);
			name = Products;
			sourceTree = "<group>";
		};
		F3FF15A51CE9001300DB9491 /* ChrisApp1 */ = {
			isa = PBXGroup;
			children = (
				F3FF15A61CE9001300DB9491 /* AppDelegate.swift */,
				F3FF15A81CE9001300DB9491 /* ViewController.swift */,
				F3FF15AA1CE9001300DB9491 /* Main.storyboard */,
				F3FF15AD1CE9001300DB9491 /* Assets.xcassets */,
				F3FF15AF1CE9001300DB9491 /* LaunchScreen.storyboard */,
				F3FF15B21CE9001300DB9491 /* Info.plist */,
			);
			path = ChrisApp1;
			sourceTree = "<group>";
		};
/* End PBXGroup section */

/* Begin PBXNativeTarget section */
		F3FF15A21CE9001300DB9491 /* ChrisApp1 */ = {
			isa = PBXNativeTarget;
			buildConfigurationList = F3FF15B51CE9001300DB9491 /* Build configuration list for PBXNativeTarget "ChrisApp1" */;
			buildPhases = (
				E0BB1C56003AAFF08020622E /* 📦 Check Pods Manifest.lock */,
				F3FF159F1CE9001300DB9491 /* Sources */,
				F3FF15A01CE9001300DB9491 /* Frameworks */,
				F3FF15A11CE9001300DB9491 /* Resources */,
				177755A675AE58DF283B85F4 /* 📦 Embed Pods Frameworks */,
				A92FDDD75819B757C55793EF /* 📦 Copy Pods Resources */,
			);
			buildRules = (
			);
			dependencies = (
			);
			name = ChrisApp1;
			productName = ChrisApp1;
			productReference = F3FF15A31CE9001300DB9491 /* ChrisApp1.app */;
			productType = "com.apple.product-type.application";
		};
/* End PBXNativeTarget section */

/* Begin PBXProject section */
		F3FF159B1CE9001300DB9491 /* Project object */ = {
			isa = PBXProject;
			attributes = {
				LastSwiftUpdateCheck = 0700;
				LastUpgradeCheck = 0700;
				ORGANIZATIONNAME = "Chris Hawker";
				TargetAttributes = {
					F3FF15A21CE9001300DB9491 = {
						CreatedOnToolsVersion = 7.0.1;
					};
				};
			};
			buildConfigurationList = F3FF159E1CE9001300DB9491 /* Build configuration list for PBXProject "ChrisApp1" */;
			compatibilityVersion = "Xcode 3.2";
			developmentRegion = English;
			hasScannedForEncodings = 0;
			knownRegions = (
				en,
				Base,
			);
			mainGroup = F3FF159A1CE9001300DB9491;
			productRefGroup = F3FF15A41CE9001300DB9491 /* Products */;
			projectDirPath = "";
			projectRoot = "";
			targets = (
				F3FF15A21CE9001300DB9491 /* ChrisApp1 */,
			);
		};
/* End PBXProject section */

/* Begin PBXResourcesBuildPhase section */
		F3FF15A11CE9001300DB9491 /* Resources */ = {
			isa = PBXResourcesBuildPhase;
			buildActionMask = 2147483647;
			files = (
				F3FF15B11CE9001300DB9491 /* LaunchScreen.storyboard in Resources */,
				F3FF15AE1CE9001300DB9491 /* Assets.xcassets in Resources */,
				F3FF15AC1CE9001300DB9491 /* Main.storyboard in Resources */,
			);
			runOnlyForDeploymentPostprocessing = 0;
		};
/* End PBXResourcesBuildPhase section */

/* Begin PBXShellScriptBuildPhase section */
		177755A675AE58DF283B85F4 /* 📦 Embed Pods Frameworks */ = {
			isa = PBXShellScriptBuildPhase;
			buildActionMask = 2147483647;
			files = (
			);
			inputPaths = (
			);
			name = "📦 Embed Pods Frameworks";
			outputPaths = (
			);
			runOnlyForDeploymentPostprocessing = 0;
			shellPath = /bin/sh;
			shellScript = "\"${SRCROOT}/Pods/Target Support Files/Pods-ChrisApp1/Pods-ChrisApp1-frameworks.sh\"\n";
			showEnvVarsInLog = 0;
		};
		A92FDDD75819B757C55793EF /* 📦 Copy Pods Resources */ = {
			isa = PBXShellScriptBuildPhase;
			buildActionMask = 2147483647;
			files = (
			);
			inputPaths = (
			);
			name = "📦 Copy Pods Resources";
			outputPaths = (
			);
			runOnlyForDeploymentPostprocessing = 0;
			shellPath = /bin/sh;
			shellScript = "\"${SRCROOT}/Pods/Target Support Files/Pods-ChrisApp1/Pods-ChrisApp1-resources.sh\"\n";
			showEnvVarsInLog = 0;
		};
		E0BB1C56003AAFF08020622E /* 📦 Check Pods Manifest.lock */ = {
			isa = PBXShellScriptBuildPhase;
			buildActionMask = 2147483647;
			files = (
			);
			inputPaths = (
			);
			name = "📦 Check Pods Manifest.lock";
			outputPaths = (
			);
			runOnlyForDeploymentPostprocessing = 0;
			shellPath = /bin/sh;
			shellScript = "diff \"${PODS_ROOT}/../Podfile.lock\" \"${PODS_ROOT}/Manifest.lock\" > /dev/null\nif [[ $? != 0 ]] ; then\n    cat << EOM\nerror: The sandbox is not in sync with the Podfile.lock. Run 'pod install' or update your CocoaPods installation.\nEOM\n    exit 1\nfi\n";
			showEnvVarsInLog = 0;
		};
/* End PBXShellScriptBuildPhase section */

/* Begin PBXSourcesBuildPhase section */
		F3FF159F1CE9001300DB9491 /* Sources */ = {
			isa = PBXSourcesBuildPhase;
			buildActionMask = 2147483647;
			files = (
				F3FF15A91CE9001300DB9491 /* ViewController.swift in Sources */,
				F3FF15A71CE9001300DB9491 /* AppDelegate.swift in Sources */,
				F3FF15BB1CE9007A00DB9491 /* podfile.c in Sources */,
			);
			runOnlyForDeploymentPostprocessing = 0;
		};
/* End PBXSourcesBuildPhase section */

/* Begin PBXVariantGroup section */
		F3FF15AA1CE9001300DB9491 /* Main.storyboard */ = {
			isa = PBXVariantGroup;
			children = (
				F3FF15AB1CE9001300DB9491 /* Base */,
			);
			name = Main.storyboard;
			sourceTree = "<group>";
		};
		F3FF15AF1CE9001300DB9491 /* LaunchScreen.storyboard */ = {
			isa = PBXVariantGroup;
			children = (
				F3FF15B01CE9001300DB9491 /* Base */,
			);
			name = LaunchScreen.storyboard;
			sourceTree = "<group>";
		};
/* End PBXVariantGroup section */

/* Begin XCBuildConfiguration section */
		F3FF15B31CE9001300DB9491 /* Debug */ = {
			isa = XCBuildConfiguration;
			buildSettings = {
				ALWAYS_SEARCH_USER_PATHS = NO;
				CLANG_CXX_LANGUAGE_STANDARD = "gnu++0x";
				CLANG_CXX_LIBRARY = "libc++";
				CLANG_ENABLE_MODULES = YES;
				CLANG_ENABLE_OBJC_ARC = YES;
				CLANG_WARN_BOOL_CONVERSION = YES;
				CLANG_WARN_CONSTANT_CONVERSION = YES;
				CLANG_WARN_DIRECT_OBJC_ISA_USAGE = YES_ERROR;
				CLANG_WARN_EMPTY_BODY = YES;
				CLANG_WARN_ENUM_CONVERSION = YES;
				CLANG_WARN_INT_CONVERSION = YES;
				CLANG_WARN_OBJC_ROOT_CLASS = YES_ERROR;
				CLANG_WARN_UNREACHABLE_CODE = YES;
				CLANG_WARN__DUPLICATE_METHOD_MATCH = YES;
				"CODE_SIGN_IDENTITY[sdk=iphoneos*]" = "iPhone Developer";
				COPY_PHASE_STRIP = NO;
				DEBUG_INFORMATION_FORMAT = dwarf;
				ENABLE_STRICT_OBJC_MSGSEND = YES;
				ENABLE_TESTABILITY = YES;
				GCC_C_LANGUAGE_STANDARD = gnu99;
				GCC_DYNAMIC_NO_PIC = NO;
				GCC_NO_COMMON_BLOCKS = YES;
				GCC_OPTIMIZATION_LEVEL = 0;
				GCC_PREPROCESSOR_DEFINITIONS = (
					"DEBUG=1",
					"$(inherited)",
				);
				GCC_WARN_64_TO_32_BIT_CONVERSION = YES;
				GCC_WARN_ABOUT_RETURN_TYPE = YES_ERROR;
				GCC_WARN_UNDECLARED_SELECTOR = YES;
				GCC_WARN_UNINITIALIZED_AUTOS = YES_AGGRESSIVE;
				GCC_WARN_UNUSED_FUNCTION = YES;
				GCC_WARN_UNUSED_VARIABLE = YES;
				IPHONEOS_DEPLOYMENT_TARGET = 9.0;
				MTL_ENABLE_DEBUG_INFO = YES;
				ONLY_ACTIVE_ARCH = YES;
				SDKROOT = iphoneos;
				SWIFT_OPTIMIZATION_LEVEL = "-Onone";
				TARGETED_DEVICE_FAMILY = "1,2";
			};
			name = Debug;
		};
		F3FF15B41CE9001300DB9491 /* Release */ = {
			isa = XCBuildConfiguration;
			buildSettings = {
				ALWAYS_SEARCH_USER_PATHS = NO;
				CLANG_CXX_LANGUAGE_STANDARD = "gnu++0x";
				CLANG_CXX_LIBRARY = "libc++";
				CLANG_ENABLE_MODULES = YES;
				CLANG_ENABLE_OBJC_ARC = YES;
				CLANG_WARN_BOOL_CONVERSION = YES;
				CLANG_WARN_CONSTANT_CONVERSION = YES;
				CLANG_WARN_DIRECT_OBJC_ISA_USAGE = YES_ERROR;
				CLANG_WARN_EMPTY_BODY = YES;
				CLANG_WARN_ENUM_CONVERSION = YES;
				CLANG_WARN_INT_CONVERSION = YES;
				CLANG_WARN_OBJC_ROOT_CLASS = YES_ERROR;
				CLANG_WARN_UNREACHABLE_CODE = YES;
				CLANG_WARN__DUPLICATE_METHOD_MATCH = YES;
				"CODE_SIGN_IDENTITY[sdk=iphoneos*]" = "iPhone Developer";
				COPY_PHASE_STRIP = NO;
				DEBUG_INFORMATION_FORMAT = "dwarf-with-dsym";
				ENABLE_NS_ASSERTIONS = NO;
				ENABLE_STRICT_OBJC_MSGSEND = YES;
				GCC_C_LANGUAGE_STANDARD = gnu99;
				GCC_NO_COMMON_BLOCKS = YES;
				GCC_WARN_64_TO_32_BIT_CONVERSION = YES;
				GCC_WARN_ABOUT_RETURN_TYPE = YES_ERROR;
				GCC_WARN_UNDECLARED_SELECTOR = YES;
				GCC_WARN_UNINITIALIZED_AUTOS = YES_AGGRESSIVE;
				GCC_WARN_UNUSED_FUNCTION = YES;
				GCC_WARN_UNUSED_VARIABLE = YES;
				IPHONEOS_DEPLOYMENT_TARGET = 9.0;
				MTL_ENABLE_DEBUG_INFO = NO;
				SDKROOT = iphoneos;
				TARGETED_DEVICE_FAMILY = "1,2";
				VALIDATE_PRODUCT = YES;
			};
			name = Release;
		};
		F3FF15B61CE9001300DB9491 /* Debug */ = {
			isa = XCBuildConfiguration;
			baseConfigurationReference = BA973351B988A18A3B388755 /* Pods-ChrisApp1.debug.xcconfig */;
			buildSettings = {
				ASSETCATALOG_COMPILER_APPICON_NAME = AppIcon;
				CLANG_ENABLE_MODULES = YES;
				INFOPLIST_FILE = ChrisApp1/Info.plist;
				LD_RUNPATH_SEARCH_PATHS = "$(inherited) @executable_path/Frameworks";
				PRODUCT_BUNDLE_IDENTIFIER = com.chawker21.ChrisApp1;
				PRODUCT_NAME = "$(TARGET_NAME)";
				SWIFT_OBJC_BRIDGING_HEADER = "ChrisApp1-Bridging-Header.h";
				SWIFT_OPTIMIZATION_LEVEL = "-Onone";
			};
			name = Debug;
		};
		F3FF15B71CE9001300DB9491 /* Release */ = {
			isa = XCBuildConfiguration;
			baseConfigurationReference = 9E8C91AC4DF95B4A489383EF /* Pods-ChrisApp1.release.xcconfig */;
			buildSettings = {
				ASSETCATALOG_COMPILER_APPICON_NAME = AppIcon;
				CLANG_ENABLE_MODULES = YES;
				INFOPLIST_FILE = ChrisApp1/Info.plist;
				LD_RUNPATH_SEARCH_PATHS = "$(inherited) @executable_path/Frameworks";
				PRODUCT_BUNDLE_IDENTIFIER = com.chawker21.ChrisApp1;
				PRODUCT_NAME = "$(TARGET_NAME)";
				SWIFT_OBJC_BRIDGING_HEADER = "ChrisApp1-Bridging-Header.h";
			};
			name = Release;
		};
/* End XCBuildConfiguration section */

/* Begin XCConfigurationList section */
		F3FF159E1CE9001300DB9491 /* Build configuration list for PBXProject "ChrisApp1" */ = {
			isa = XCConfigurationList;
			buildConfigurations = (
				F3FF15B31CE9001300DB9491 /* Debug */,
				F3FF15B41CE9001300DB9491 /* Release */,
			);
			defaultConfigurationIsVisible = 0;
			defaultConfigurationName = Release;
		};
		F3FF15B51CE9001300DB9491 /* Build configuration list for PBXNativeTarget "ChrisApp1" */ = {
			isa = XCConfigurationList;
			buildConfigurations = (
				F3FF15B61CE9001300DB9491 /* Debug */,
				F3FF15B71CE9001300DB9491 /* Release */,
			);
			defaultConfigurationIsVisible = 0;
			defaultConfigurationName = Release;
		};
/* End XCConfigurationList section */
	};
	rootObject = F3FF159B1CE9001300DB9491 /* Project object */;
}
